// !$*UTF8*$!
{
	archiveVersion = 1;
	classes = {
	};
	objectVersion = 46;
	objects = {

/* Begin PBXBuildFile section */
		695660391C722BD80067918C /* main.m in Sources */ = {isa = PBXBuildFile; fileRef = 695660381C722BD80067918C /* main.m */; };
		6956603C1C722BD80067918C /* AppDelegate.m in Sources */ = {isa = PBXBuildFile; fileRef = 6956603B1C722BD80067918C /* AppDelegate.m */; };
		695660441C722BD80067918C /* Assets.xcassets in Resources */ = {isa = PBXBuildFile; fileRef = 695660431C722BD80067918C /* Assets.xcassets */; };
		695660471C722BD80067918C /* LaunchScreen.storyboard in Resources */ = {isa = PBXBuildFile; fileRef = 695660451C722BD80067918C /* LaunchScreen.storyboard */; };
		D61BDF20FCE6282F11E997F7 /* Pods_WakupObjCDemo.framework in Frameworks */ = {isa = PBXBuildFile; fileRef = BAF3D9ECE03E7AD5275F9412 /* Pods_WakupObjCDemo.framework */; };
/* End PBXBuildFile section */

/* Begin PBXFileReference section */
		2157FF27DBCF9AEC4F94EF06 /* Pods.release.xcconfig */ = {isa = PBXFileReference; includeInIndex = 1; lastKnownFileType = text.xcconfig; name = Pods.release.xcconfig; path = "Pods/Target Support Files/Pods/Pods.release.xcconfig"; sourceTree = "<group>"; };
		695660341C722BD80067918C /* WakupObjCDemo.app */ = {isa = PBXFileReference; explicitFileType = wrapper.application; includeInIndex = 0; path = WakupObjCDemo.app; sourceTree = BUILT_PRODUCTS_DIR; };
		695660381C722BD80067918C /* main.m */ = {isa = PBXFileReference; lastKnownFileType = sourcecode.c.objc; path = main.m; sourceTree = "<group>"; };
		6956603A1C722BD80067918C /* AppDelegate.h */ = {isa = PBXFileReference; lastKnownFileType = sourcecode.c.h; path = AppDelegate.h; sourceTree = "<group>"; };
		6956603B1C722BD80067918C /* AppDelegate.m */ = {isa = PBXFileReference; lastKnownFileType = sourcecode.c.objc; path = AppDelegate.m; sourceTree = "<group>"; };
		695660431C722BD80067918C /* Assets.xcassets */ = {isa = PBXFileReference; lastKnownFileType = folder.assetcatalog; path = Assets.xcassets; sourceTree = "<group>"; };
		695660461C722BD80067918C /* Base */ = {isa = PBXFileReference; lastKnownFileType = file.storyboard; name = Base; path = Base.lproj/LaunchScreen.storyboard; sourceTree = "<group>"; };
		695660481C722BD80067918C /* Info.plist */ = {isa = PBXFileReference; lastKnownFileType = text.plist.xml; path = Info.plist; sourceTree = "<group>"; };
		7192774BAC0FC51211A6149D /* Pods.framework */ = {isa = PBXFileReference; explicitFileType = wrapper.framework; includeInIndex = 0; path = Pods.framework; sourceTree = BUILT_PRODUCTS_DIR; };
		77C9E94920989E655BB8D355 /* Pods.debug.xcconfig */ = {isa = PBXFileReference; includeInIndex = 1; lastKnownFileType = text.xcconfig; name = Pods.debug.xcconfig; path = "Pods/Target Support Files/Pods/Pods.debug.xcconfig"; sourceTree = "<group>"; };
		9FC3927FD578ADF471589365 /* Pods-WakupObjCDemo.release.xcconfig */ = {isa = PBXFileReference; includeInIndex = 1; lastKnownFileType = text.xcconfig; name = "Pods-WakupObjCDemo.release.xcconfig"; path = "Pods/Target Support Files/Pods-WakupObjCDemo/Pods-WakupObjCDemo.release.xcconfig"; sourceTree = "<group>"; };
		BAF3D9ECE03E7AD5275F9412 /* Pods_WakupObjCDemo.framework */ = {isa = PBXFileReference; explicitFileType = wrapper.framework; includeInIndex = 0; path = Pods_WakupObjCDemo.framework; sourceTree = BUILT_PRODUCTS_DIR; };
		FE322B1B576226D74194C484 /* Pods-WakupObjCDemo.debug.xcconfig */ = {isa = PBXFileReference; includeInIndex = 1; lastKnownFileType = text.xcconfig; name = "Pods-WakupObjCDemo.debug.xcconfig"; path = "Pods/Target Support Files/Pods-WakupObjCDemo/Pods-WakupObjCDemo.debug.xcconfig"; sourceTree = "<group>"; };
/* End PBXFileReference section */

/* Begin PBXFrameworksBuildPhase section */
		695660311C722BD80067918C /* Frameworks */ = {
			isa = PBXFrameworksBuildPhase;
			buildActionMask = 2147483647;
			files = (
				D61BDF20FCE6282F11E997F7 /* Pods_WakupObjCDemo.framework in Frameworks */,
			);
			runOnlyForDeploymentPostprocessing = 0;
		};
/* End PBXFrameworksBuildPhase section */

/* Begin PBXGroup section */
		319DBD7CD9AC4C259DA1F973 /* Frameworks */ = {
			isa = PBXGroup;
			children = (
				7192774BAC0FC51211A6149D /* Pods.framework */,
				BAF3D9ECE03E7AD5275F9412 /* Pods_WakupObjCDemo.framework */,
			);
			name = Frameworks;
			sourceTree = "<group>";
		};
		6956602B1C722BD80067918C = {
			isa = PBXGroup;
			children = (
				695660361C722BD80067918C /* WakupObjCDemo */,
				695660351C722BD80067918C /* Products */,
				D365F1FCB320ECEEC3D15FA7 /* Pods */,
				319DBD7CD9AC4C259DA1F973 /* Frameworks */,
			);
			sourceTree = "<group>";
		};
		695660351C722BD80067918C /* Products */ = {
			isa = PBXGroup;
			children = (
				695660341C722BD80067918C /* WakupObjCDemo.app */,
			);
			name = Products;
			sourceTree = "<group>";
		};
		695660361C722BD80067918C /* WakupObjCDemo */ = {
			isa = PBXGroup;
			children = (
				6956603A1C722BD80067918C /* AppDelegate.h */,
				6956603B1C722BD80067918C /* AppDelegate.m */,
				695660431C722BD80067918C /* Assets.xcassets */,
				695660451C722BD80067918C /* LaunchScreen.storyboard */,
				695660481C722BD80067918C /* Info.plist */,
				695660371C722BD80067918C /* Supporting Files */,
			);
			path = WakupObjCDemo;
			sourceTree = "<group>";
		};
		695660371C722BD80067918C /* Supporting Files */ = {
			isa = PBXGroup;
			children = (
				695660381C722BD80067918C /* main.m */,
			);
			name = "Supporting Files";
			sourceTree = "<group>";
		};
		D365F1FCB320ECEEC3D15FA7 /* Pods */ = {
			isa = PBXGroup;
			children = (
				77C9E94920989E655BB8D355 /* Pods.debug.xcconfig */,
				2157FF27DBCF9AEC4F94EF06 /* Pods.release.xcconfig */,
				FE322B1B576226D74194C484 /* Pods-WakupObjCDemo.debug.xcconfig */,
				9FC3927FD578ADF471589365 /* Pods-WakupObjCDemo.release.xcconfig */,
			);
			name = Pods;
			sourceTree = "<group>";
		};
/* End PBXGroup section */

/* Begin PBXNativeTarget section */
		695660331C722BD80067918C /* WakupObjCDemo */ = {
			isa = PBXNativeTarget;
			buildConfigurationList = 6956604B1C722BD80067918C /* Build configuration list for PBXNativeTarget "WakupObjCDemo" */;
			buildPhases = (
				CB5D7A076F48C696482493A7 /* [CP] Check Pods Manifest.lock */,
				695660301C722BD80067918C /* Sources */,
				695660311C722BD80067918C /* Frameworks */,
				695660321C722BD80067918C /* Resources */,
				245B22858FEB610A27F852D9 /* [CP] Embed Pods Frameworks */,
				8576721C0768962F2318D84B /* [CP] Copy Pods Resources */,
			);
			buildRules = (
			);
			dependencies = (
			);
			name = WakupObjCDemo;
			productName = WakupObjCDemo;
			productReference = 695660341C722BD80067918C /* WakupObjCDemo.app */;
			productType = "com.apple.product-type.application";
		};
/* End PBXNativeTarget section */

/* Begin PBXProject section */
		6956602C1C722BD80067918C /* Project object */ = {
			isa = PBXProject;
			attributes = {
				LastUpgradeCheck = 0720;
				ORGANIZATIONNAME = "Yellow Pineapple";
				TargetAttributes = {
					695660331C722BD80067918C = {
						CreatedOnToolsVersion = 7.2;
					};
				};
			};
			buildConfigurationList = 6956602F1C722BD80067918C /* Build configuration list for PBXProject "WakupObjCDemo" */;
			compatibilityVersion = "Xcode 3.2";
			developmentRegion = English;
			hasScannedForEncodings = 0;
			knownRegions = (
				en,
				Base,
			);
			mainGroup = 6956602B1C722BD80067918C;
			productRefGroup = 695660351C722BD80067918C /* Products */;
			projectDirPath = "";
			projectRoot = "";
			targets = (
				695660331C722BD80067918C /* WakupObjCDemo */,
			);
		};
/* End PBXProject section */

/* Begin PBXResourcesBuildPhase section */
		695660321C722BD80067918C /* Resources */ = {
			isa = PBXResourcesBuildPhase;
			buildActionMask = 2147483647;
			files = (
				695660471C722BD80067918C /* LaunchScreen.storyboard in Resources */,
				695660441C722BD80067918C /* Assets.xcassets in Resources */,
			);
			runOnlyForDeploymentPostprocessing = 0;
		};
/* End PBXResourcesBuildPhase section */

/* Begin PBXShellScriptBuildPhase section */
		245B22858FEB610A27F852D9 /* [CP] Embed Pods Frameworks */ = {
			isa = PBXShellScriptBuildPhase;
			buildActionMask = 2147483647;
			files = (
			);
			inputPaths = (
			);
			name = "[CP] Embed Pods Frameworks";
			outputPaths = (
			);
			runOnlyForDeploymentPostprocessing = 0;
			shellPath = /bin/sh;
			shellScript = "\"${SRCROOT}/Pods/Target Support Files/Pods-WakupObjCDemo/Pods-WakupObjCDemo-frameworks.sh\"\n";
			showEnvVarsInLog = 0;
		};
		8576721C0768962F2318D84B /* [CP] Copy Pods Resources */ = {
			isa = PBXShellScriptBuildPhase;
			buildActionMask = 2147483647;
			files = (
			);
			inputPaths = (
			);
			name = "[CP] Copy Pods Resources";
			outputPaths = (
			);
			runOnlyForDeploymentPostprocessing = 0;
			shellPath = /bin/sh;
			shellScript = "\"${SRCROOT}/Pods/Target Support Files/Pods-WakupObjCDemo/Pods-WakupObjCDemo-resources.sh\"\n";
			showEnvVarsInLog = 0;
		};
		CB5D7A076F48C696482493A7 /* [CP] Check Pods Manifest.lock */ = {
			isa = PBXShellScriptBuildPhase;
			buildActionMask = 2147483647;
			files = (
			);
			inputPaths = (
			);
			name = "[CP] Check Pods Manifest.lock";
			outputPaths = (
			);
			runOnlyForDeploymentPostprocessing = 0;
			shellPath = /bin/sh;
			shellScript = "diff \"${PODS_ROOT}/../Podfile.lock\" \"${PODS_ROOT}/Manifest.lock\" > /dev/null\nif [[ $? != 0 ]] ; then\n    cat << EOM\nerror: The sandbox is not in sync with the Podfile.lock. Run 'pod install' or update your CocoaPods installation.\nEOM\n    exit 1\nfi\n";
			showEnvVarsInLog = 0;
		};
/* End PBXShellScriptBuildPhase section */

/* Begin PBXSourcesBuildPhase section */
		695660301C722BD80067918C /* Sources */ = {
			isa = PBXSourcesBuildPhase;
			buildActionMask = 2147483647;
			files = (
				6956603C1C722BD80067918C /* AppDelegate.m in Sources */,
				695660391C722BD80067918C /* main.m in Sources */,
			);
			runOnlyForDeploymentPostprocessing = 0;
		};
/* End PBXSourcesBuildPhase section */

/* Begin PBXVariantGroup section */
		695660451C722BD80067918C /* LaunchScreen.storyboard */ = {
			isa = PBXVariantGroup;
			children = (
				695660461C722BD80067918C /* Base */,
			);
			name = LaunchScreen.storyboard;
			sourceTree = "<group>";
		};
/* End PBXVariantGroup section */

/* Begin XCBuildConfiguration section */
		695660491C722BD80067918C /* Debug */ = {
			isa = XCBuildConfiguration;
			buildSettings = {
				ALWAYS_SEARCH_USER_PATHS = NO;
				CLANG_CXX_LANGUAGE_STANDARD = "gnu++0x";
				CLANG_CXX_LIBRARY = "libc++";
				CLANG_ENABLE_MODULES = YES;
				CLANG_ENABLE_OBJC_ARC = YES;
				CLANG_WARN_BOOL_CONVERSION = YES;
				CLANG_WARN_CONSTANT_CONVERSION = YES;
				CLANG_WARN_DIRECT_OBJC_ISA_USAGE = YES_ERROR;
				CLANG_WARN_EMPTY_BODY = YES;
				CLANG_WARN_ENUM_CONVERSION = YES;
				CLANG_WARN_INT_CONVERSION = YES;
				CLANG_WARN_OBJC_ROOT_CLASS = YES_ERROR;
				CLANG_WARN_UNREACHABLE_CODE = YES;
				CLANG_WARN__DUPLICATE_METHOD_MATCH = YES;
				"CODE_SIGN_IDENTITY[sdk=iphoneos*]" = "iPhone Developer";
				COPY_PHASE_STRIP = NO;
				DEBUG_INFORMATION_FORMAT = dwarf;
				ENABLE_STRICT_OBJC_MSGSEND = YES;
				ENABLE_TESTABILITY = YES;
				GCC_C_LANGUAGE_STANDARD = gnu99;
				GCC_DYNAMIC_NO_PIC = NO;
				GCC_NO_COMMON_BLOCKS = YES;
				GCC_OPTIMIZATION_LEVEL = 0;
				GCC_PREPROCESSOR_DEFINITIONS = (
					"DEBUG=1",
					"$(inherited)",
				);
				GCC_WARN_64_TO_32_BIT_CONVERSION = YES;
				GCC_WARN_ABOUT_RETURN_TYPE = YES_ERROR;
				GCC_WARN_UNDECLARED_SELECTOR = YES;
				GCC_WARN_UNINITIALIZED_AUTOS = YES_AGGRESSIVE;
				GCC_WARN_UNUSED_FUNCTION = YES;
				GCC_WARN_UNUSED_VARIABLE = YES;
				IPHONEOS_DEPLOYMENT_TARGET = 8.0;
				MTL_ENABLE_DEBUG_INFO = YES;
				ONLY_ACTIVE_ARCH = YES;
				SDKROOT = iphoneos;
			};
			name = Debug;
		};
		6956604A1C722BD80067918C /* Release */ = {
			isa = XCBuildConfiguration;
			buildSettings = {
				ALWAYS_SEARCH_USER_PATHS = NO;
				CLANG_CXX_LANGUAGE_STANDARD = "gnu++0x";
				CLANG_CXX_LIBRARY = "libc++";
				CLANG_ENABLE_MODULES = YES;
				CLANG_ENABLE_OBJC_ARC = YES;
				CLANG_WARN_BOOL_CONVERSION = YES;
				CLANG_WARN_CONSTANT_CONVERSION = YES;
				CLANG_WARN_DIRECT_OBJC_ISA_USAGE = YES_ERROR;
				CLANG_WARN_EMPTY_BODY = YES;
				CLANG_WARN_ENUM_CONVERSION = YES;
				CLANG_WARN_INT_CONVERSION = YES;
				CLANG_WARN_OBJC_ROOT_CLASS = YES_ERROR;
				CLANG_WARN_UNREACHABLE_CODE = YES;
				CLANG_WARN__DUPLICATE_METHOD_MATCH = YES;
				"CODE_SIGN_IDENTITY[sdk=iphoneos*]" = "iPhone Developer";
				COPY_PHASE_STRIP = NO;
				DEBUG_INFORMATION_FORMAT = "dwarf-with-dsym";
				ENABLE_NS_ASSERTIONS = NO;
				ENABLE_STRICT_OBJC_MSGSEND = YES;
				GCC_C_LANGUAGE_STANDARD = gnu99;
				GCC_NO_COMMON_BLOCKS = YES;
				GCC_WARN_64_TO_32_BIT_CONVERSION = YES;
				GCC_WARN_ABOUT_RETURN_TYPE = YES_ERROR;
				GCC_WARN_UNDECLARED_SELECTOR = YES;
				GCC_WARN_UNINITIALIZED_AUTOS = YES_AGGRESSIVE;
				GCC_WARN_UNUSED_FUNCTION = YES;
				GCC_WARN_UNUSED_VARIABLE = YES;
				IPHONEOS_DEPLOYMENT_TARGET = 8.0;
				MTL_ENABLE_DEBUG_INFO = NO;
				SDKROOT = iphoneos;
				VALIDATE_PRODUCT = YES;
			};
			name = Release;
		};
		6956604C1C722BD80067918C /* Debug */ = {
			isa = XCBuildConfiguration;
			baseConfigurationReference = FE322B1B576226D74194C484 /* Pods-WakupObjCDemo.debug.xcconfig */;
			buildSettings = {
				ASSETCATALOG_COMPILER_APPICON_NAME = AppIcon;
				INFOPLIST_FILE = WakupObjCDemo/Info.plist;
				IPHONEOS_DEPLOYMENT_TARGET = 11.0;
				LD_RUNPATH_SEARCH_PATHS = "$(inherited) @executable_path/Frameworks";
				PRODUCT_BUNDLE_IDENTIFIER = es.yellow.WakupObjCDemo;
				PRODUCT_NAME = "$(TARGET_NAME)";
			};
			name = Debug;
		};
		6956604D1C722BD80067918C /* Release */ = {
			isa = XCBuildConfiguration;
			baseConfigurationReference = 9FC3927FD578ADF471589365 /* Pods-WakupObjCDemo.release.xcconfig */;
			buildSettings = {
				ASSETCATALOG_COMPILER_APPICON_NAME = AppIcon;
				INFOPLIST_FILE = WakupObjCDemo/Info.plist;
				IPHONEOS_DEPLOYMENT_TARGET = 11.0;
				LD_RUNPATH_SEARCH_PATHS = "$(inherited) @executable_path/Frameworks";
				PRODUCT_BUNDLE_IDENTIFIER = es.yellow.WakupObjCDemo;
				PRODUCT_NAME = "$(TARGET_NAME)";
			};
			name = Release;
		};
/* End XCBuildConfiguration section */

/* Begin XCConfigurationList section */
		6956602F1C722BD80067918C /* Build configuration list for PBXProject "WakupObjCDemo" */ = {
			isa = XCConfigurationList;
			buildConfigurations = (
				695660491C722BD80067918C /* Debug */,
				6956604A1C722BD80067918C /* Release */,
			);
			defaultConfigurationIsVisible = 0;
			defaultConfigurationName = Release;
		};
		6956604B1C722BD80067918C /* Build configuration list for PBXNativeTarget "WakupObjCDemo" */ = {
			isa = XCConfigurationList;
			buildConfigurations = (
				6956604C1C722BD80067918C /* Debug */,
				6956604D1C722BD80067918C /* Release */,
			);
			defaultConfigurationIsVisible = 0;
			defaultConfigurationName = Release;
		};
/* End XCConfigurationList section */
	};
	rootObject = 6956602C1C722BD80067918C /* Project object */;
}
