// !$*UTF8*$!
{
	archiveVersion = 1;
	classes = {
	};
	objectVersion = 46;
	objects = {

/* Begin PBXBuildFile section */
		691289C3D331234BC21A83D2 /* Pods.framework in Frameworks */ = {isa = PBXBuildFile; fileRef = A77BE4154FB9A2937BD3B562 /* Pods.framework */; };
		69D99A341C231D4C000892B1 /* AppDelegate.swift in Sources */ = {isa = PBXBuildFile; fileRef = 69D99A331C231D4C000892B1 /* AppDelegate.swift */; };
		69D99A3B1C231D4C000892B1 /* Assets.xcassets in Resources */ = {isa = PBXBuildFile; fileRef = 69D99A3A1C231D4C000892B1 /* Assets.xcassets */; };
		69D99A3E1C231D4C000892B1 /* LaunchScreen.storyboard in Resources */ = {isa = PBXBuildFile; fileRef = 69D99A3C1C231D4C000892B1 /* LaunchScreen.storyboard */; };
/* End PBXBuildFile section */

/* Begin PBXFileReference section */
		69D99A301C231D4C000892B1 /* WakupDemo.app */ = {isa = PBXFileReference; explicitFileType = wrapper.application; includeInIndex = 0; path = WakupDemo.app; sourceTree = BUILT_PRODUCTS_DIR; };
		69D99A331C231D4C000892B1 /* AppDelegate.swift */ = {isa = PBXFileReference; lastKnownFileType = sourcecode.swift; path = AppDelegate.swift; sourceTree = "<group>"; };
		69D99A3A1C231D4C000892B1 /* Assets.xcassets */ = {isa = PBXFileReference; lastKnownFileType = folder.assetcatalog; path = Assets.xcassets; sourceTree = "<group>"; };
		69D99A3D1C231D4C000892B1 /* Base */ = {isa = PBXFileReference; lastKnownFileType = file.storyboard; name = Base; path = Base.lproj/LaunchScreen.storyboard; sourceTree = "<group>"; };
		69D99A3F1C231D4C000892B1 /* Info.plist */ = {isa = PBXFileReference; lastKnownFileType = text.plist.xml; path = Info.plist; sourceTree = "<group>"; };
		91A9EBB7FD840CE0E7719A31 /* Pods.release.xcconfig */ = {isa = PBXFileReference; includeInIndex = 1; lastKnownFileType = text.xcconfig; name = Pods.release.xcconfig; path = "Pods/Target Support Files/Pods/Pods.release.xcconfig"; sourceTree = "<group>"; };
		A77BE4154FB9A2937BD3B562 /* Pods.framework */ = {isa = PBXFileReference; explicitFileType = wrapper.framework; includeInIndex = 0; path = Pods.framework; sourceTree = BUILT_PRODUCTS_DIR; };
		D4C3F21D79D4658B571EF258 /* Pods.debug.xcconfig */ = {isa = PBXFileReference; includeInIndex = 1; lastKnownFileType = text.xcconfig; name = Pods.debug.xcconfig; path = "Pods/Target Support Files/Pods/Pods.debug.xcconfig"; sourceTree = "<group>"; };
/* End PBXFileReference section */

/* Begin PBXFrameworksBuildPhase section */
		69D99A2D1C231D4C000892B1 /* Frameworks */ = {
			isa = PBXFrameworksBuildPhase;
			buildActionMask = 2147483647;
			files = (
				691289C3D331234BC21A83D2 /* Pods.framework in Frameworks */,
			);
			runOnlyForDeploymentPostprocessing = 0;
		};
/* End PBXFrameworksBuildPhase section */

/* Begin PBXGroup section */
		69D99A271C231D4C000892B1 = {
			isa = PBXGroup;
			children = (
				69D99A321C231D4C000892B1 /* WakupDemo */,
				69D99A311C231D4C000892B1 /* Products */,
				D4D8615E669C498A84676D69 /* Pods */,
				D0C60ED5FB6E45FCEFE746FD /* Frameworks */,
			);
			sourceTree = "<group>";
		};
		69D99A311C231D4C000892B1 /* Products */ = {
			isa = PBXGroup;
			children = (
				69D99A301C231D4C000892B1 /* WakupDemo.app */,
			);
			name = Products;
			sourceTree = "<group>";
		};
		69D99A321C231D4C000892B1 /* WakupDemo */ = {
			isa = PBXGroup;
			children = (
				69D99A331C231D4C000892B1 /* AppDelegate.swift */,
				69D99A3A1C231D4C000892B1 /* Assets.xcassets */,
				69D99A3C1C231D4C000892B1 /* LaunchScreen.storyboard */,
				69D99A3F1C231D4C000892B1 /* Info.plist */,
			);
			path = WakupDemo;
			sourceTree = "<group>";
		};
		D0C60ED5FB6E45FCEFE746FD /* Frameworks */ = {
			isa = PBXGroup;
			children = (
				A77BE4154FB9A2937BD3B562 /* Pods.framework */,
			);
			name = Frameworks;
			sourceTree = "<group>";
		};
		D4D8615E669C498A84676D69 /* Pods */ = {
			isa = PBXGroup;
			children = (
				D4C3F21D79D4658B571EF258 /* Pods.debug.xcconfig */,
				91A9EBB7FD840CE0E7719A31 /* Pods.release.xcconfig */,
			);
			name = Pods;
			sourceTree = "<group>";
		};
/* End PBXGroup section */

/* Begin PBXNativeTarget section */
		69D99A2F1C231D4C000892B1 /* WakupDemo */ = {
			isa = PBXNativeTarget;
			buildConfigurationList = 69D99A421C231D4C000892B1 /* Build configuration list for PBXNativeTarget "WakupDemo" */;
			buildPhases = (
				CB31A57C5952AB5680BEF3E9 /* Check Pods Manifest.lock */,
				69D99A2C1C231D4C000892B1 /* Sources */,
				69D99A2D1C231D4C000892B1 /* Frameworks */,
				69D99A2E1C231D4C000892B1 /* Resources */,
				9582275FDC7676D2568C93C7 /* Embed Pods Frameworks */,
				3EC49667E0B45CCEFE4F91AA /* Copy Pods Resources */,
			);
			buildRules = (
			);
			dependencies = (
			);
			name = WakupDemo;
			productName = WakupDemo;
			productReference = 69D99A301C231D4C000892B1 /* WakupDemo.app */;
			productType = "com.apple.product-type.application";
		};
/* End PBXNativeTarget section */

/* Begin PBXProject section */
		69D99A281C231D4C000892B1 /* Project object */ = {
			isa = PBXProject;
			attributes = {
				LastSwiftUpdateCheck = 0710;
				LastUpgradeCheck = 0710;
				ORGANIZATIONNAME = "Yellow Pineapple";
				TargetAttributes = {
					69D99A2F1C231D4C000892B1 = {
						CreatedOnToolsVersion = 7.1.1;
					};
				};
			};
			buildConfigurationList = 69D99A2B1C231D4C000892B1 /* Build configuration list for PBXProject "WakupDemo" */;
			compatibilityVersion = "Xcode 3.2";
			developmentRegion = English;
			hasScannedForEncodings = 0;
			knownRegions = (
				en,
				Base,
			);
			mainGroup = 69D99A271C231D4C000892B1;
			productRefGroup = 69D99A311C231D4C000892B1 /* Products */;
			projectDirPath = "";
			projectRoot = "";
			targets = (
				69D99A2F1C231D4C000892B1 /* WakupDemo */,
			);
		};
/* End PBXProject section */

/* Begin PBXResourcesBuildPhase section */
		69D99A2E1C231D4C000892B1 /* Resources */ = {
			isa = PBXResourcesBuildPhase;
			buildActionMask = 2147483647;
			files = (
				69D99A3E1C231D4C000892B1 /* LaunchScreen.storyboard in Resources */,
				69D99A3B1C231D4C000892B1 /* Assets.xcassets in Resources */,
			);
			runOnlyForDeploymentPostprocessing = 0;
		};
/* End PBXResourcesBuildPhase section */

/* Begin PBXShellScriptBuildPhase section */
		3EC49667E0B45CCEFE4F91AA /* Copy Pods Resources */ = {
			isa = PBXShellScriptBuildPhase;
			buildActionMask = 2147483647;
			files = (
			);
			inputPaths = (
			);
			name = "Copy Pods Resources";
			outputPaths = (
			);
			runOnlyForDeploymentPostprocessing = 0;
			shellPath = /bin/sh;
			shellScript = "\"${SRCROOT}/Pods/Target Support Files/Pods/Pods-resources.sh\"\n";
			showEnvVarsInLog = 0;
		};
		9582275FDC7676D2568C93C7 /* Embed Pods Frameworks */ = {
			isa = PBXShellScriptBuildPhase;
			buildActionMask = 2147483647;
			files = (
			);
			inputPaths = (
			);
			name = "Embed Pods Frameworks";
			outputPaths = (
			);
			runOnlyForDeploymentPostprocessing = 0;
			shellPath = /bin/sh;
			shellScript = "\"${SRCROOT}/Pods/Target Support Files/Pods/Pods-frameworks.sh\"\n";
			showEnvVarsInLog = 0;
		};
		CB31A57C5952AB5680BEF3E9 /* Check Pods Manifest.lock */ = {
			isa = PBXShellScriptBuildPhase;
			buildActionMask = 2147483647;
			files = (
			);
			inputPaths = (
			);
			name = "Check Pods Manifest.lock";
			outputPaths = (
			);
			runOnlyForDeploymentPostprocessing = 0;
			shellPath = /bin/sh;
			shellScript = "diff \"${PODS_ROOT}/../Podfile.lock\" \"${PODS_ROOT}/Manifest.lock\" > /dev/null\nif [[ $? != 0 ]] ; then\n    cat << EOM\nerror: The sandbox is not in sync with the Podfile.lock. Run 'pod install' or update your CocoaPods installation.\nEOM\n    exit 1\nfi\n";
			showEnvVarsInLog = 0;
		};
/* End PBXShellScriptBuildPhase section */

/* Begin PBXSourcesBuildPhase section */
		69D99A2C1C231D4C000892B1 /* Sources */ = {
			isa = PBXSourcesBuildPhase;
			buildActionMask = 2147483647;
			files = (
				69D99A341C231D4C000892B1 /* AppDelegate.swift in Sources */,
			);
			runOnlyForDeploymentPostprocessing = 0;
		};
/* End PBXSourcesBuildPhase section */

/* Begin PBXVariantGroup section */
		69D99A3C1C231D4C000892B1 /* LaunchScreen.storyboard */ = {
			isa = PBXVariantGroup;
			children = (
				69D99A3D1C231D4C000892B1 /* Base */,
			);
			name = LaunchScreen.storyboard;
			sourceTree = "<group>";
		};
/* End PBXVariantGroup section */

/* Begin XCBuildConfiguration section */
		69D99A401C231D4C000892B1 /* Debug */ = {
			isa = XCBuildConfiguration;
			buildSettings = {
				ALWAYS_SEARCH_USER_PATHS = NO;
				CLANG_CXX_LANGUAGE_STANDARD = "gnu++0x";
				CLANG_CXX_LIBRARY = "libc++";
				CLANG_ENABLE_MODULES = YES;
				CLANG_ENABLE_OBJC_ARC = YES;
				CLANG_WARN_BOOL_CONVERSION = YES;
				CLANG_WARN_CONSTANT_CONVERSION = YES;
				CLANG_WARN_DIRECT_OBJC_ISA_USAGE = YES_ERROR;
				CLANG_WARN_EMPTY_BODY = YES;
				CLANG_WARN_ENUM_CONVERSION = YES;
				CLANG_WARN_INT_CONVERSION = YES;
				CLANG_WARN_OBJC_ROOT_CLASS = YES_ERROR;
				CLANG_WARN_UNREACHABLE_CODE = YES;
				CLANG_WARN__DUPLICATE_METHOD_MATCH = YES;
				"CODE_SIGN_IDENTITY[sdk=iphoneos*]" = "iPhone Developer";
				COPY_PHASE_STRIP = NO;
				DEBUG_INFORMATION_FORMAT = dwarf;
				ENABLE_STRICT_OBJC_MSGSEND = YES;
				ENABLE_TESTABILITY = YES;
				GCC_C_LANGUAGE_STANDARD = gnu99;
				GCC_DYNAMIC_NO_PIC = NO;
				GCC_NO_COMMON_BLOCKS = YES;
				GCC_OPTIMIZATION_LEVEL = 0;
				GCC_PREPROCESSOR_DEFINITIONS = (
					"DEBUG=1",
					"$(inherited)",
				);
				GCC_WARN_64_TO_32_BIT_CONVERSION = YES;
				GCC_WARN_ABOUT_RETURN_TYPE = YES_ERROR;
				GCC_WARN_UNDECLARED_SELECTOR = YES;
				GCC_WARN_UNINITIALIZED_AUTOS = YES_AGGRESSIVE;
				GCC_WARN_UNUSED_FUNCTION = YES;
				GCC_WARN_UNUSED_VARIABLE = YES;
				IPHONEOS_DEPLOYMENT_TARGET = 8.0;
				MTL_ENABLE_DEBUG_INFO = YES;
				ONLY_ACTIVE_ARCH = YES;
				SDKROOT = iphoneos;
				SWIFT_OPTIMIZATION_LEVEL = "-Onone";
				TARGETED_DEVICE_FAMILY = 2;
			};
			name = Debug;
		};
		69D99A411C231D4C000892B1 /* Release */ = {
			isa = XCBuildConfiguration;
			buildSettings = {
				ALWAYS_SEARCH_USER_PATHS = NO;
				CLANG_CXX_LANGUAGE_STANDARD = "gnu++0x";
				CLANG_CXX_LIBRARY = "libc++";
				CLANG_ENABLE_MODULES = YES;
				CLANG_ENABLE_OBJC_ARC = YES;
				CLANG_WARN_BOOL_CONVERSION = YES;
				CLANG_WARN_CONSTANT_CONVERSION = YES;
				CLANG_WARN_DIRECT_OBJC_ISA_USAGE = YES_ERROR;
				CLANG_WARN_EMPTY_BODY = YES;
				CLANG_WARN_ENUM_CONVERSION = YES;
				CLANG_WARN_INT_CONVERSION = YES;
				CLANG_WARN_OBJC_ROOT_CLASS = YES_ERROR;
				CLANG_WARN_UNREACHABLE_CODE = YES;
				CLANG_WARN__DUPLICATE_METHOD_MATCH = YES;
				"CODE_SIGN_IDENTITY[sdk=iphoneos*]" = "iPhone Developer";
				COPY_PHASE_STRIP = NO;
				DEBUG_INFORMATION_FORMAT = "dwarf-with-dsym";
				ENABLE_NS_ASSERTIONS = NO;
				ENABLE_STRICT_OBJC_MSGSEND = YES;
				GCC_C_LANGUAGE_STANDARD = gnu99;
				GCC_NO_COMMON_BLOCKS = YES;
				GCC_WARN_64_TO_32_BIT_CONVERSION = YES;
				GCC_WARN_ABOUT_RETURN_TYPE = YES_ERROR;
				GCC_WARN_UNDECLARED_SELECTOR = YES;
				GCC_WARN_UNINITIALIZED_AUTOS = YES_AGGRESSIVE;
				GCC_WARN_UNUSED_FUNCTION = YES;
				GCC_WARN_UNUSED_VARIABLE = YES;
				IPHONEOS_DEPLOYMENT_TARGET = 8.0;
				MTL_ENABLE_DEBUG_INFO = NO;
				SDKROOT = iphoneos;
				TARGETED_DEVICE_FAMILY = 2;
				VALIDATE_PRODUCT = YES;
			};
			name = Release;
		};
		69D99A431C231D4C000892B1 /* Debug */ = {
			isa = XCBuildConfiguration;
			baseConfigurationReference = D4C3F21D79D4658B571EF258 /* Pods.debug.xcconfig */;
			buildSettings = {
				ASSETCATALOG_COMPILER_APPICON_NAME = AppIcon;
				INFOPLIST_FILE = WakupDemo/Info.plist;
				LD_RUNPATH_SEARCH_PATHS = "$(inherited) @executable_path/Frameworks";
				PRODUCT_BUNDLE_IDENTIFIER = es.yellow.WakupDemo;
				PRODUCT_NAME = "$(TARGET_NAME)";
				TARGETED_DEVICE_FAMILY = 1;
			};
			name = Debug;
		};
		69D99A441C231D4C000892B1 /* Release */ = {
			isa = XCBuildConfiguration;
			baseConfigurationReference = 91A9EBB7FD840CE0E7719A31 /* Pods.release.xcconfig */;
			buildSettings = {
				ASSETCATALOG_COMPILER_APPICON_NAME = AppIcon;
				INFOPLIST_FILE = WakupDemo/Info.plist;
				LD_RUNPATH_SEARCH_PATHS = "$(inherited) @executable_path/Frameworks";
				PRODUCT_BUNDLE_IDENTIFIER = es.yellow.WakupDemo;
				PRODUCT_NAME = "$(TARGET_NAME)";
				TARGETED_DEVICE_FAMILY = 1;
			};
			name = Release;
		};
/* End XCBuildConfiguration section */

/* Begin XCConfigurationList section */
		69D99A2B1C231D4C000892B1 /* Build configuration list for PBXProject "WakupDemo" */ = {
			isa = XCConfigurationList;
			buildConfigurations = (
				69D99A401C231D4C000892B1 /* Debug */,
				69D99A411C231D4C000892B1 /* Release */,
			);
			defaultConfigurationIsVisible = 0;
			defaultConfigurationName = Release;
		};
		69D99A421C231D4C000892B1 /* Build configuration list for PBXNativeTarget "WakupDemo" */ = {
			isa = XCConfigurationList;
			buildConfigurations = (
				69D99A431C231D4C000892B1 /* Debug */,
				69D99A441C231D4C000892B1 /* Release */,
			);
			defaultConfigurationIsVisible = 0;
			defaultConfigurationName = Release;
		};
/* End XCConfigurationList section */
	};
	rootObject = 69D99A281C231D4C000892B1 /* Project object */;
}
